// !$*UTF8*$!
{
	archiveVersion = 1;
	classes = {
	};
	objectVersion = 46;
	objects = {

/* Begin PBXBuildFile section */
		9464C2721D5A74D7004A1B44 /* AppDelegate.swift in Sources */ = {isa = PBXBuildFile; fileRef = 9464C2711D5A74D7004A1B44 /* AppDelegate.swift */; };
		9464C2741D5A74D7004A1B44 /* ViewController.swift in Sources */ = {isa = PBXBuildFile; fileRef = 9464C2731D5A74D7004A1B44 /* ViewController.swift */; };
		9464C2771D5A74D7004A1B44 /* Main.storyboard in Resources */ = {isa = PBXBuildFile; fileRef = 9464C2751D5A74D7004A1B44 /* Main.storyboard */; };
		9464C2791D5A74D7004A1B44 /* Assets.xcassets in Resources */ = {isa = PBXBuildFile; fileRef = 9464C2781D5A74D7004A1B44 /* Assets.xcassets */; };
		9464C27C1D5A74D7004A1B44 /* LaunchScreen.storyboard in Resources */ = {isa = PBXBuildFile; fileRef = 9464C27A1D5A74D7004A1B44 /* LaunchScreen.storyboard */; };
/* End PBXBuildFile section */

/* Begin PBXFileReference section */
		9464C26E1D5A74D7004A1B44 /* GenericsExample.app */ = {isa = PBXFileReference; explicitFileType = wrapper.application; includeInIndex = 0; path = GenericsExample.app; sourceTree = BUILT_PRODUCTS_DIR; };
		9464C2711D5A74D7004A1B44 /* AppDelegate.swift */ = {isa = PBXFileReference; lastKnownFileType = sourcecode.swift; path = AppDelegate.swift; sourceTree = "<group>"; };
		9464C2731D5A74D7004A1B44 /* ViewController.swift */ = {isa = PBXFileReference; lastKnownFileType = sourcecode.swift; path = ViewController.swift; sourceTree = "<group>"; };
		9464C2761D5A74D7004A1B44 /* Base */ = {isa = PBXFileReference; lastKnownFileType = file.storyboard; name = Base; path = Base.lproj/Main.storyboard; sourceTree = "<group>"; };
		9464C2781D5A74D7004A1B44 /* Assets.xcassets */ = {isa = PBXFileReference; lastKnownFileType = folder.assetcatalog; path = Assets.xcassets; sourceTree = "<group>"; };
		9464C27B1D5A74D7004A1B44 /* Base */ = {isa = PBXFileReference; lastKnownFileType = file.storyboard; name = Base; path = Base.lproj/LaunchScreen.storyboard; sourceTree = "<group>"; };
		9464C27D1D5A74D7004A1B44 /* Info.plist */ = {isa = PBXFileReference; lastKnownFileType = text.plist.xml; path = Info.plist; sourceTree = "<group>"; };
/* End PBXFileReference section */

/* Begin PBXFrameworksBuildPhase section */
		9464C26B1D5A74D7004A1B44 /* Frameworks */ = {
			isa = PBXFrameworksBuildPhase;
			buildActionMask = 2147483647;
			files = (
			);
			runOnlyForDeploymentPostprocessing = 0;
		};
/* End PBXFrameworksBuildPhase section */

/* Begin PBXGroup section */
		9464C2651D5A74D7004A1B44 = {
			isa = PBXGroup;
			children = (
				9464C2701D5A74D7004A1B44 /* GenericsExample */,
				9464C26F1D5A74D7004A1B44 /* Products */,
			);
			sourceTree = "<group>";
		};
		9464C26F1D5A74D7004A1B44 /* Products */ = {
			isa = PBXGroup;
			children = (
				9464C26E1D5A74D7004A1B44 /* GenericsExample.app */,
			);
			name = Products;
			sourceTree = "<group>";
		};
		9464C2701D5A74D7004A1B44 /* GenericsExample */ = {
			isa = PBXGroup;
			children = (
				9464C2711D5A74D7004A1B44 /* AppDelegate.swift */,
				9464C2731D5A74D7004A1B44 /* ViewController.swift */,
				9464C2751D5A74D7004A1B44 /* Main.storyboard */,
				9464C2781D5A74D7004A1B44 /* Assets.xcassets */,
				9464C27A1D5A74D7004A1B44 /* LaunchScreen.storyboard */,
				9464C27D1D5A74D7004A1B44 /* Info.plist */,
			);
			path = GenericsExample;
			sourceTree = "<group>";
		};
/* End PBXGroup section */

/* Begin PBXNativeTarget section */
		9464C26D1D5A74D7004A1B44 /* GenericsExample */ = {
			isa = PBXNativeTarget;
			buildConfigurationList = 9464C2801D5A74D7004A1B44 /* Build configuration list for PBXNativeTarget "GenericsExample" */;
			buildPhases = (
				9464C26A1D5A74D7004A1B44 /* Sources */,
				9464C26B1D5A74D7004A1B44 /* Frameworks */,
				9464C26C1D5A74D7004A1B44 /* Resources */,
			);
			buildRules = (
			);
			dependencies = (
			);
			name = GenericsExample;
			productName = GenericsExample;
			productReference = 9464C26E1D5A74D7004A1B44 /* GenericsExample.app */;
			productType = "com.apple.product-type.application";
		};
/* End PBXNativeTarget section */

/* Begin PBXProject section */
		9464C2661D5A74D7004A1B44 /* Project object */ = {
			isa = PBXProject;
			attributes = {
				LastSwiftUpdateCheck = 0730;
				LastUpgradeCheck = 0730;
				ORGANIZATIONNAME = Ryan;
				TargetAttributes = {
					9464C26D1D5A74D7004A1B44 = {
						CreatedOnToolsVersion = 7.3;
					};
				};
			};
			buildConfigurationList = 9464C2691D5A74D7004A1B44 /* Build configuration list for PBXProject "GenericsExample" */;
			compatibilityVersion = "Xcode 3.2";
			developmentRegion = English;
			hasScannedForEncodings = 0;
			knownRegions = (
				en,
				Base,
			);
			mainGroup = 9464C2651D5A74D7004A1B44;
			productRefGroup = 9464C26F1D5A74D7004A1B44 /* Products */;
			projectDirPath = "";
			projectRoot = "";
			targets = (
				9464C26D1D5A74D7004A1B44 /* GenericsExample */,
			);
		};
/* End PBXProject section */

/* Begin PBXResourcesBuildPhase section */
		9464C26C1D5A74D7004A1B44 /* Resources */ = {
			isa = PBXResourcesBuildPhase;
			buildActionMask = 2147483647;
			files = (
				9464C27C1D5A74D7004A1B44 /* LaunchScreen.storyboard in Resources */,
				9464C2791D5A74D7004A1B44 /* Assets.xcassets in Resources */,
				9464C2771D5A74D7004A1B44 /* Main.storyboard in Resources */,
			);
			runOnlyForDeploymentPostprocessing = 0;
		};
/* End PBXResourcesBuildPhase section */

/* Begin PBXSourcesBuildPhase section */
		9464C26A1D5A74D7004A1B44 /* Sources */ = {
			isa = PBXSourcesBuildPhase;
			buildActionMask = 2147483647;
			files = (
				9464C2741D5A74D7004A1B44 /* ViewController.swift in Sources */,
				9464C2721D5A74D7004A1B44 /* AppDelegate.swift in Sources */,
			);
			runOnlyForDeploymentPostprocessing = 0;
		};
/* End PBXSourcesBuildPhase section */

/* Begin PBXVariantGroup section */
		9464C2751D5A74D7004A1B44 /* Main.storyboard */ = {
			isa = PBXVariantGroup;
			children = (
				9464C2761D5A74D7004A1B44 /* Base */,
			);
			name = Main.storyboard;
			sourceTree = "<group>";
		};
		9464C27A1D5A74D7004A1B44 /* LaunchScreen.storyboard */ = {
			isa = PBXVariantGroup;
			children = (
				9464C27B1D5A74D7004A1B44 /* Base */,
			);
			name = LaunchScreen.storyboard;
			sourceTree = "<group>";
		};
/* End PBXVariantGroup section */

/* Begin XCBuildConfiguration section */
		9464C27E1D5A74D7004A1B44 /* Debug */ = {
			isa = XCBuildConfiguration;
			buildSettings = {
				ALWAYS_SEARCH_USER_PATHS = NO;
				CLANG_ANALYZER_NONNULL = YES;
				CLANG_CXX_LANGUAGE_STANDARD = "gnu++0x";
				CLANG_CXX_LIBRARY = "libc++";
				CLANG_ENABLE_MODULES = YES;
				CLANG_ENABLE_OBJC_ARC = YES;
				CLANG_WARN_BOOL_CONVERSION = YES;
				CLANG_WARN_CONSTANT_CONVERSION = YES;
				CLANG_WARN_DIRECT_OBJC_ISA_USAGE = YES_ERROR;
				CLANG_WARN_EMPTY_BODY = YES;
				CLANG_WARN_ENUM_CONVERSION = YES;
				CLANG_WARN_INT_CONVERSION = YES;
				CLANG_WARN_OBJC_ROOT_CLASS = YES_ERROR;
				CLANG_WARN_UNREACHABLE_CODE = YES;
				CLANG_WARN__DUPLICATE_METHOD_MATCH = YES;
				"CODE_SIGN_IDENTITY[sdk=iphoneos*]" = "iPhone Developer";
				COPY_PHASE_STRIP = NO;
				DEBUG_INFORMATION_FORMAT = dwarf;
				ENABLE_STRICT_OBJC_MSGSEND = YES;
				ENABLE_TESTABILITY = YES;
				GCC_C_LANGUAGE_STANDARD = gnu99;
				GCC_DYNAMIC_NO_PIC = NO;
				GCC_NO_COMMON_BLOCKS = YES;
				GCC_OPTIMIZATION_LEVEL = 0;
				GCC_PREPROCESSOR_DEFINITIONS = (
					"DEBUG=1",
					"$(inherited)",
				);
				GCC_WARN_64_TO_32_BIT_CONVERSION = YES;
				GCC_WARN_ABOUT_RETURN_TYPE = YES_ERROR;
				GCC_WARN_UNDECLARED_SELECTOR = YES;
				GCC_WARN_UNINITIALIZED_AUTOS = YES_AGGRESSIVE;
				GCC_WARN_UNUSED_FUNCTION = YES;
				GCC_WARN_UNUSED_VARIABLE = YES;
				IPHONEOS_DEPLOYMENT_TARGET = 9.3;
				MTL_ENABLE_DEBUG_INFO = YES;
				ONLY_ACTIVE_ARCH = YES;
				SDKROOT = iphoneos;
				SWIFT_OPTIMIZATION_LEVEL = "-Onone";
				TARGETED_DEVICE_FAMILY = "1,2";
			};
			name = Debug;
		};
		9464C27F1D5A74D7004A1B44 /* Release */ = {
			isa = XCBuildConfiguration;
			buildSettings = {
				ALWAYS_SEARCH_USER_PATHS = NO;
				CLANG_ANALYZER_NONNULL = YES;
				CLANG_CXX_LANGUAGE_STANDARD = "gnu++0x";
				CLANG_CXX_LIBRARY = "libc++";
				CLANG_ENABLE_MODULES = YES;
				CLANG_ENABLE_OBJC_ARC = YES;
				CLANG_WARN_BOOL_CONVERSION = YES;
				CLANG_WARN_CONSTANT_CONVERSION = YES;
				CLANG_WARN_DIRECT_OBJC_ISA_USAGE = YES_ERROR;
				CLANG_WARN_EMPTY_BODY = YES;
				CLANG_WARN_ENUM_CONVERSION = YES;
				CLANG_WARN_INT_CONVERSION = YES;
				CLANG_WARN_OBJC_ROOT_CLASS = YES_ERROR;
				CLANG_WARN_UNREACHABLE_CODE = YES;
				CLANG_WARN__DUPLICATE_METHOD_MATCH = YES;
				"CODE_SIGN_IDENTITY[sdk=iphoneos*]" = "iPhone Developer";
				COPY_PHASE_STRIP = NO;
				DEBUG_INFORMATION_FORMAT = "dwarf-with-dsym";
				ENABLE_NS_ASSERTIONS = NO;
				ENABLE_STRICT_OBJC_MSGSEND = YES;
				GCC_C_LANGUAGE_STANDARD = gnu99;
				GCC_NO_COMMON_BLOCKS = YES;
				GCC_WARN_64_TO_32_BIT_CONVERSION = YES;
				GCC_WARN_ABOUT_RETURN_TYPE = YES_ERROR;
				GCC_WARN_UNDECLARED_SELECTOR = YES;
				GCC_WARN_UNINITIALIZED_AUTOS = YES_AGGRESSIVE;
				GCC_WARN_UNUSED_FUNCTION = YES;
				GCC_WARN_UNUSED_VARIABLE = YES;
				IPHONEOS_DEPLOYMENT_TARGET = 9.3;
				MTL_ENABLE_DEBUG_INFO = NO;
				SDKROOT = iphoneos;
				TARGETED_DEVICE_FAMILY = "1,2";
				VALIDATE_PRODUCT = YES;
			};
			name = Release;
		};
		9464C2811D5A74D7004A1B44 /* Debug */ = {
			isa = XCBuildConfiguration;
			buildSettings = {
				ASSETCATALOG_COMPILER_APPICON_NAME = AppIcon;
				INFOPLIST_FILE = GenericsExample/Info.plist;
				LD_RUNPATH_SEARCH_PATHS = "$(inherited) @executable_path/Frameworks";
				PRODUCT_BUNDLE_IDENTIFIER = ryancortez.GenericsExample;
				PRODUCT_NAME = "$(TARGET_NAME)";
			};
			name = Debug;
		};
		9464C2821D5A74D7004A1B44 /* Release */ = {
			isa = XCBuildConfiguration;
			buildSettings = {
				ASSETCATALOG_COMPILER_APPICON_NAME = AppIcon;
				INFOPLIST_FILE = GenericsExample/Info.plist;
				LD_RUNPATH_SEARCH_PATHS = "$(inherited) @executable_path/Frameworks";
				PRODUCT_BUNDLE_IDENTIFIER = ryancortez.GenericsExample;
				PRODUCT_NAME = "$(TARGET_NAME)";
			};
			name = Release;
		};
/* End XCBuildConfiguration section */

/* Begin XCConfigurationList section */
		9464C2691D5A74D7004A1B44 /* Build configuration list for PBXProject "GenericsExample" */ = {
			isa = XCConfigurationList;
			buildConfigurations = (
				9464C27E1D5A74D7004A1B44 /* Debug */,
				9464C27F1D5A74D7004A1B44 /* Release */,
			);
			defaultConfigurationIsVisible = 0;
			defaultConfigurationName = Release;
		};
		9464C2801D5A74D7004A1B44 /* Build configuration list for PBXNativeTarget "GenericsExample" */ = {
			isa = XCConfigurationList;
			buildConfigurations = (
				9464C2811D5A74D7004A1B44 /* Debug */,
				9464C2821D5A74D7004A1B44 /* Release */,
			);
			defaultConfigurationIsVisible = 0;
		};
/* End XCConfigurationList section */
	};
	rootObject = 9464C2661D5A74D7004A1B44 /* Project object */;
}
